
Microsoft Visual Studio Solution File, Format Version 12.00
# Visual Studio Version 17
VisualStudioVersion = 17.10.35027.167
MinimumVisualStudioVersion = 10.0.40219.1
Project("{FAE04EC0-301F-11D3-BF4B-00C04F79EFBC}") = "PRACTICA WEB API LIBROS", "PRACTICA WEB API LIBROS\PRACTICA WEB API LIBROS.csproj", "{2ED593B3-3D49-424E-AE02-0E7599D98A22}"
EndProject
Global
	GlobalSection(SolutionConfigurationPlatforms) = preSolution
		Debug|Any CPU = Debug|Any CPU
		Release|Any CPU = Release|Any CPU
	EndGlobalSection
	GlobalSection(ProjectConfigurationPlatforms) = postSolution
		{2ED593B3-3D49-424E-AE02-0E7599D98A22}.Debug|Any CPU.ActiveCfg = Debug|Any CPU
		{2ED593B3-3D49-424E-AE02-0E7599D98A22}.Debug|Any CPU.Build.0 = Debug|Any CPU
		{2ED593B3-3D49-424E-AE02-0E7599D98A22}.Release|Any CPU.ActiveCfg = Release|Any CPU
		{2ED593B3-3D49-424E-AE02-0E7599D98A22}.Release|Any CPU.Build.0 = Release|Any CPU
	EndGlobalSection
	GlobalSection(SolutionProperties) = preSolution
		HideSolutionNode = FALSE
	EndGlobalSection
	GlobalSection(ExtensibilityGlobals) = postSolution
		SolutionGuid = {E494B27A-266F-479D-B5B8-D31E542BE1A9}
	EndGlobalSection
EndGlobal
